// !$*UTF8*$!
{
	archiveVersion = 1;
	classes = {
	};
	objectVersion = 50;
	objects = {

/* Begin PBXBuildFile section */
		470054D5248631A4002E5670 /* NetworkLib.h in Headers */ = {isa = PBXBuildFile; fileRef = 470054D3248631A4002E5670 /* NetworkLib.h */; settings = {ATTRIBUTES = (Public, ); }; };
		470054E024863412002E5670 /* NetworkLib.swift in Sources */ = {isa = PBXBuildFile; fileRef = 470054DF24863412002E5670 /* NetworkLib.swift */; };
		470054E224863664002E5670 /* NetApiServices.swift in Sources */ = {isa = PBXBuildFile; fileRef = 470054E124863664002E5670 /* NetApiServices.swift */; };
		4700556124869201002E5670 /* ProtocolLibrary.framework in Frameworks */ = {isa = PBXBuildFile; fileRef = 4700555E24869201002E5670 /* ProtocolLibrary.framework */; };
		4700556224869201002E5670 /* ProtocolLibrary.framework in Embed Frameworks */ = {isa = PBXBuildFile; fileRef = 4700555E24869201002E5670 /* ProtocolLibrary.framework */; settings = {ATTRIBUTES = (CodeSignOnCopy, RemoveHeadersOnCopy, ); }; };
		47005581248792B2002E5670 /* GithubImpl.swift in Sources */ = {isa = PBXBuildFile; fileRef = 47005580248792B2002E5670 /* GithubImpl.swift */; };
		4700558524879646002E5670 /* UserImpl.swift in Sources */ = {isa = PBXBuildFile; fileRef = 4700558424879646002E5670 /* UserImpl.swift */; };
		470055892487A3D7002E5670 /* MoyaExtension.swift in Sources */ = {isa = PBXBuildFile; fileRef = 470055882487A3D7002E5670 /* MoyaExtension.swift */; };
		47044D9E2488F58E004838E3 /* UserLoginImpl.swift in Sources */ = {isa = PBXBuildFile; fileRef = 47044D9D2488F58E004838E3 /* UserLoginImpl.swift */; };
		47435F442487E55B00F8D654 /* SwiftJSONAble.swift in Sources */ = {isa = PBXBuildFile; fileRef = 47435F432487E55B00F8D654 /* SwiftJSONAble.swift */; };
		47435F472487EA3F00F8D654 /* GithubReposityItem.swift in Sources */ = {isa = PBXBuildFile; fileRef = 47435F462487EA3F00F8D654 /* GithubReposityItem.swift */; };
		47435F5424887CC400F8D654 /* JSONAbleDemoUserModel.swift in Sources */ = {isa = PBXBuildFile; fileRef = 47435F5324887CC400F8D654 /* JSONAbleDemoUserModel.swift */; };
		E874414EB00BC85C41029554 /* Pods_NetworkLib.framework in Frameworks */ = {isa = PBXBuildFile; fileRef = 4E95B3F465772D255AABD952 /* Pods_NetworkLib.framework */; };
/* End PBXBuildFile section */

/* Begin PBXCopyFilesBuildPhase section */
		4700556324869201002E5670 /* Embed Frameworks */ = {
			isa = PBXCopyFilesBuildPhase;
			buildActionMask = 2147483647;
			dstPath = "";
			dstSubfolderSpec = 10;
			files = (
				4700556224869201002E5670 /* ProtocolLibrary.framework in Embed Frameworks */,
			);
			name = "Embed Frameworks";
			runOnlyForDeploymentPostprocessing = 0;
		};
/* End PBXCopyFilesBuildPhase section */

/* Begin PBXFileReference section */
		470054D0248631A4002E5670 /* NetworkLib.framework */ = {isa = PBXFileReference; explicitFileType = wrapper.framework; includeInIndex = 0; path = NetworkLib.framework; sourceTree = BUILT_PRODUCTS_DIR; };
		470054D3248631A4002E5670 /* NetworkLib.h */ = {isa = PBXFileReference; lastKnownFileType = sourcecode.c.h; path = NetworkLib.h; sourceTree = "<group>"; };
		470054D4248631A4002E5670 /* Info.plist */ = {isa = PBXFileReference; lastKnownFileType = text.plist.xml; path = Info.plist; sourceTree = "<group>"; };
		470054DF24863412002E5670 /* NetworkLib.swift */ = {isa = PBXFileReference; lastKnownFileType = sourcecode.swift; path = NetworkLib.swift; sourceTree = "<group>"; };
		470054E124863664002E5670 /* NetApiServices.swift */ = {isa = PBXFileReference; lastKnownFileType = sourcecode.swift; path = NetApiServices.swift; sourceTree = "<group>"; };
		4700555D24869201002E5670 /* ComponentsHub.framework */ = {isa = PBXFileReference; explicitFileType = wrapper.framework; path = ComponentsHub.framework; sourceTree = BUILT_PRODUCTS_DIR; };
		4700555E24869201002E5670 /* ProtocolLibrary.framework */ = {isa = PBXFileReference; explicitFileType = wrapper.framework; path = ProtocolLibrary.framework; sourceTree = BUILT_PRODUCTS_DIR; };
		47005580248792B2002E5670 /* GithubImpl.swift */ = {isa = PBXFileReference; lastKnownFileType = sourcecode.swift; path = GithubImpl.swift; sourceTree = "<group>"; };
		4700558424879646002E5670 /* UserImpl.swift */ = {isa = PBXFileReference; lastKnownFileType = sourcecode.swift; path = UserImpl.swift; sourceTree = "<group>"; };
		470055882487A3D7002E5670 /* MoyaExtension.swift */ = {isa = PBXFileReference; lastKnownFileType = sourcecode.swift; path = MoyaExtension.swift; sourceTree = "<group>"; };
		47044D9D2488F58E004838E3 /* UserLoginImpl.swift */ = {isa = PBXFileReference; lastKnownFileType = sourcecode.swift; path = UserLoginImpl.swift; sourceTree = "<group>"; };
		47435F432487E55B00F8D654 /* SwiftJSONAble.swift */ = {isa = PBXFileReference; lastKnownFileType = sourcecode.swift; path = SwiftJSONAble.swift; sourceTree = "<group>"; };
		47435F462487EA3F00F8D654 /* GithubReposityItem.swift */ = {isa = PBXFileReference; lastKnownFileType = sourcecode.swift; path = GithubReposityItem.swift; sourceTree = "<group>"; };
		47435F5324887CC400F8D654 /* JSONAbleDemoUserModel.swift */ = {isa = PBXFileReference; lastKnownFileType = sourcecode.swift; path = JSONAbleDemoUserModel.swift; sourceTree = "<group>"; };
		4E95B3F465772D255AABD952 /* Pods_NetworkLib.framework */ = {isa = PBXFileReference; explicitFileType = wrapper.framework; includeInIndex = 0; path = Pods_NetworkLib.framework; sourceTree = BUILT_PRODUCTS_DIR; };
		5028163AC829D04ED64DCB0A /* Pods-NetworkLib.release.xcconfig */ = {isa = PBXFileReference; includeInIndex = 1; lastKnownFileType = text.xcconfig; name = "Pods-NetworkLib.release.xcconfig"; path = "Target Support Files/Pods-NetworkLib/Pods-NetworkLib.release.xcconfig"; sourceTree = "<group>"; };
		B2A639DBEBFE289D7EFE1A96 /* Pods-NetworkLib.debug.xcconfig */ = {isa = PBXFileReference; includeInIndex = 1; lastKnownFileType = text.xcconfig; name = "Pods-NetworkLib.debug.xcconfig"; path = "Target Support Files/Pods-NetworkLib/Pods-NetworkLib.debug.xcconfig"; sourceTree = "<group>"; };
/* End PBXFileReference section */

/* Begin PBXFrameworksBuildPhase section */
		470054CD248631A4002E5670 /* Frameworks */ = {
			isa = PBXFrameworksBuildPhase;
			buildActionMask = 2147483647;
			files = (
				4700556124869201002E5670 /* ProtocolLibrary.framework in Frameworks */,
				E874414EB00BC85C41029554 /* Pods_NetworkLib.framework in Frameworks */,
			);
			runOnlyForDeploymentPostprocessing = 0;
		};
/* End PBXFrameworksBuildPhase section */

/* Begin PBXGroup section */
		470054C6248631A4002E5670 = {
			isa = PBXGroup;
			children = (
				470054D2248631A4002E5670 /* NetworkLib */,
				470054D1248631A4002E5670 /* Products */,
				4700555C24869201002E5670 /* Frameworks */,
				EA9DCFA4AB5F4AE1E5B64981 /* Pods */,
			);
			sourceTree = "<group>";
		};
		470054D1248631A4002E5670 /* Products */ = {
			isa = PBXGroup;
			children = (
				470054D0248631A4002E5670 /* NetworkLib.framework */,
			);
			name = Products;
			sourceTree = "<group>";
		};
		470054D2248631A4002E5670 /* NetworkLib */ = {
			isa = PBXGroup;
			children = (
				47435F452487EA2D00F8D654 /* models */,
				470054DF24863412002E5670 /* NetworkLib.swift */,
				470054E124863664002E5670 /* NetApiServices.swift */,
				470054D3248631A4002E5670 /* NetworkLib.h */,
				470054D4248631A4002E5670 /* Info.plist */,
				47005580248792B2002E5670 /* GithubImpl.swift */,
				4700558424879646002E5670 /* UserImpl.swift */,
				47044D9D2488F58E004838E3 /* UserLoginImpl.swift */,
				470055882487A3D7002E5670 /* MoyaExtension.swift */,
				47435F432487E55B00F8D654 /* SwiftJSONAble.swift */,
			);
			path = NetworkLib;
			sourceTree = "<group>";
		};
		4700555C24869201002E5670 /* Frameworks */ = {
			isa = PBXGroup;
			children = (
				4700555D24869201002E5670 /* ComponentsHub.framework */,
				4700555E24869201002E5670 /* ProtocolLibrary.framework */,
				4E95B3F465772D255AABD952 /* Pods_NetworkLib.framework */,
			);
			name = Frameworks;
			sourceTree = "<group>";
		};
		47435F452487EA2D00F8D654 /* models */ = {
			isa = PBXGroup;
			children = (
				47435F462487EA3F00F8D654 /* GithubReposityItem.swift */,
				47435F5324887CC400F8D654 /* JSONAbleDemoUserModel.swift */,
			);
			path = models;
			sourceTree = "<group>";
		};
		EA9DCFA4AB5F4AE1E5B64981 /* Pods */ = {
			isa = PBXGroup;
			children = (
				B2A639DBEBFE289D7EFE1A96 /* Pods-NetworkLib.debug.xcconfig */,
				5028163AC829D04ED64DCB0A /* Pods-NetworkLib.release.xcconfig */,
			);
			name = Pods;
			path = ../Pods;
			sourceTree = "<group>";
		};
/* End PBXGroup section */

/* Begin PBXHeadersBuildPhase section */
		470054CB248631A4002E5670 /* Headers */ = {
			isa = PBXHeadersBuildPhase;
			buildActionMask = 2147483647;
			files = (
				470054D5248631A4002E5670 /* NetworkLib.h in Headers */,
			);
			runOnlyForDeploymentPostprocessing = 0;
		};
/* End PBXHeadersBuildPhase section */

/* Begin PBXNativeTarget section */
		470054CF248631A4002E5670 /* NetworkLib */ = {
			isa = PBXNativeTarget;
			buildConfigurationList = 470054D8248631A4002E5670 /* Build configuration list for PBXNativeTarget "NetworkLib" */;
			buildPhases = (
				26C5BAC0053DB741D4DE541A /* [CP] Check Pods Manifest.lock */,
				470054CB248631A4002E5670 /* Headers */,
				470054CC248631A4002E5670 /* Sources */,
				470054CD248631A4002E5670 /* Frameworks */,
				470054CE248631A4002E5670 /* Resources */,
				4700556324869201002E5670 /* Embed Frameworks */,
			);
			buildRules = (
			);
			dependencies = (
			);
			name = NetworkLib;
			productName = NetworkLib;
			productReference = 470054D0248631A4002E5670 /* NetworkLib.framework */;
			productType = "com.apple.product-type.framework";
		};
/* End PBXNativeTarget section */

/* Begin PBXProject section */
		470054C7248631A4002E5670 /* Project object */ = {
			isa = PBXProject;
			attributes = {
				LastUpgradeCheck = 1140;
				ORGANIZATIONNAME = "JateXu IOS Team";
				TargetAttributes = {
					470054CF248631A4002E5670 = {
						CreatedOnToolsVersion = 11.4.1;
						LastSwiftMigration = 1140;
					};
				};
			};
			buildConfigurationList = 470054CA248631A4002E5670 /* Build configuration list for PBXProject "NetworkLib" */;
			compatibilityVersion = "Xcode 9.3";
			developmentRegion = en;
			hasScannedForEncodings = 0;
			knownRegions = (
				en,
				Base,
			);
			mainGroup = 470054C6248631A4002E5670;
			productRefGroup = 470054D1248631A4002E5670 /* Products */;
			projectDirPath = "";
			projectRoot = "";
			targets = (
				470054CF248631A4002E5670 /* NetworkLib */,
			);
		};
/* End PBXProject section */

/* Begin PBXResourcesBuildPhase section */
		470054CE248631A4002E5670 /* Resources */ = {
			isa = PBXResourcesBuildPhase;
			buildActionMask = 2147483647;
			files = (
			);
			runOnlyForDeploymentPostprocessing = 0;
		};
/* End PBXResourcesBuildPhase section */

/* Begin PBXShellScriptBuildPhase section */
		26C5BAC0053DB741D4DE541A /* [CP] Check Pods Manifest.lock */ = {
			isa = PBXShellScriptBuildPhase;
			buildActionMask = 2147483647;
			files = (
			);
			inputFileListPaths = (
			);
			inputPaths = (
				"${PODS_PODFILE_DIR_PATH}/Podfile.lock",
				"${PODS_ROOT}/Manifest.lock",
			);
			name = "[CP] Check Pods Manifest.lock";
			outputFileListPaths = (
			);
			outputPaths = (
				"$(DERIVED_FILE_DIR)/Pods-NetworkLib-checkManifestLockResult.txt",
			);
			runOnlyForDeploymentPostprocessing = 0;
			shellPath = /bin/sh;
			shellScript = "diff \"${PODS_PODFILE_DIR_PATH}/Podfile.lock\" \"${PODS_ROOT}/Manifest.lock\" > /dev/null\nif [ $? != 0 ] ; then\n    # print error to STDERR\n    echo \"error: The sandbox is not in sync with the Podfile.lock. Run 'pod install' or update your CocoaPods installation.\" >&2\n    exit 1\nfi\n# This output is used by Xcode 'outputs' to avoid re-running this script phase.\necho \"SUCCESS\" > \"${SCRIPT_OUTPUT_FILE_0}\"\n";
			showEnvVarsInLog = 0;
		};
/* End PBXShellScriptBuildPhase section */

/* Begin PBXSourcesBuildPhase section */
		470054CC248631A4002E5670 /* Sources */ = {
			isa = PBXSourcesBuildPhase;
			buildActionMask = 2147483647;
			files = (
				47435F5424887CC400F8D654 /* JSONAbleDemoUserModel.swift in Sources */,
				470054E024863412002E5670 /* NetworkLib.swift in Sources */,
				47005581248792B2002E5670 /* GithubImpl.swift in Sources */,
				4700558524879646002E5670 /* UserImpl.swift in Sources */,
				47435F472487EA3F00F8D654 /* GithubReposityItem.swift in Sources */,
				47435F442487E55B00F8D654 /* SwiftJSONAble.swift in Sources */,
				470055892487A3D7002E5670 /* MoyaExtension.swift in Sources */,
				470054E224863664002E5670 /* NetApiServices.swift in Sources */,
				47044D9E2488F58E004838E3 /* UserLoginImpl.swift in Sources */,
			);
			runOnlyForDeploymentPostprocessing = 0;
		};
/* End PBXSourcesBuildPhase section */

/* Begin XCBuildConfiguration section */
		470054D6248631A4002E5670 /* Debug */ = {
			isa = XCBuildConfiguration;
			buildSettings = {
				ALWAYS_SEARCH_USER_PATHS = NO;
				CLANG_ANALYZER_NONNULL = YES;
				CLANG_ANALYZER_NUMBER_OBJECT_CONVERSION = YES_AGGRESSIVE;
				CLANG_CXX_LANGUAGE_STANDARD = "gnu++14";
				CLANG_CXX_LIBRARY = "libc++";
				CLANG_ENABLE_MODULES = YES;
				CLANG_ENABLE_OBJC_ARC = YES;
				CLANG_ENABLE_OBJC_WEAK = YES;
				CLANG_WARN_BLOCK_CAPTURE_AUTORELEASING = YES;
				CLANG_WARN_BOOL_CONVERSION = YES;
				CLANG_WARN_COMMA = YES;
				CLANG_WARN_CONSTANT_CONVERSION = YES;
				CLANG_WARN_DEPRECATED_OBJC_IMPLEMENTATIONS = YES;
				CLANG_WARN_DIRECT_OBJC_ISA_USAGE = YES_ERROR;
				CLANG_WARN_DOCUMENTATION_COMMENTS = YES;
				CLANG_WARN_EMPTY_BODY = YES;
				CLANG_WARN_ENUM_CONVERSION = YES;
				CLANG_WARN_INFINITE_RECURSION = YES;
				CLANG_WARN_INT_CONVERSION = YES;
				CLANG_WARN_NON_LITERAL_NULL_CONVERSION = YES;
				CLANG_WARN_OBJC_IMPLICIT_RETAIN_SELF = YES;
				CLANG_WARN_OBJC_LITERAL_CONVERSION = YES;
				CLANG_WARN_OBJC_ROOT_CLASS = YES_ERROR;
				CLANG_WARN_RANGE_LOOP_ANALYSIS = YES;
				CLANG_WARN_STRICT_PROTOTYPES = YES;
				CLANG_WARN_SUSPICIOUS_MOVE = YES;
				CLANG_WARN_UNGUARDED_AVAILABILITY = YES_AGGRESSIVE;
				CLANG_WARN_UNREACHABLE_CODE = YES;
				CLANG_WARN__DUPLICATE_METHOD_MATCH = YES;
				COPY_PHASE_STRIP = NO;
				CURRENT_PROJECT_VERSION = 1;
				DEBUG_INFORMATION_FORMAT = dwarf;
				ENABLE_STRICT_OBJC_MSGSEND = YES;
				ENABLE_TESTABILITY = YES;
				GCC_C_LANGUAGE_STANDARD = gnu11;
				GCC_DYNAMIC_NO_PIC = NO;
				GCC_NO_COMMON_BLOCKS = YES;
				GCC_OPTIMIZATION_LEVEL = 0;
				GCC_PREPROCESSOR_DEFINITIONS = (
					"DEBUG=1",
					"$(inherited)",
				);
				GCC_WARN_64_TO_32_BIT_CONVERSION = YES;
				GCC_WARN_ABOUT_RETURN_TYPE = YES_ERROR;
				GCC_WARN_UNDECLARED_SELECTOR = YES;
				GCC_WARN_UNINITIALIZED_AUTOS = YES_AGGRESSIVE;
				GCC_WARN_UNUSED_FUNCTION = YES;
				GCC_WARN_UNUSED_VARIABLE = YES;
				IPHONEOS_DEPLOYMENT_TARGET = 13.4;
				MTL_ENABLE_DEBUG_INFO = INCLUDE_SOURCE;
				MTL_FAST_MATH = YES;
				ONLY_ACTIVE_ARCH = YES;
				SDKROOT = iphoneos;
				SWIFT_ACTIVE_COMPILATION_CONDITIONS = DEBUG;
				SWIFT_OPTIMIZATION_LEVEL = "-Onone";
				VERSIONING_SYSTEM = "apple-generic";
				VERSION_INFO_PREFIX = "";
			};
			name = Debug;
		};
		470054D7248631A4002E5670 /* Release */ = {
			isa = XCBuildConfiguration;
			buildSettings = {
				ALWAYS_SEARCH_USER_PATHS = NO;
				CLANG_ANALYZER_NONNULL = YES;
				CLANG_ANALYZER_NUMBER_OBJECT_CONVERSION = YES_AGGRESSIVE;
				CLANG_CXX_LANGUAGE_STANDARD = "gnu++14";
				CLANG_CXX_LIBRARY = "libc++";
				CLANG_ENABLE_MODULES = YES;
				CLANG_ENABLE_OBJC_ARC = YES;
				CLANG_ENABLE_OBJC_WEAK = YES;
				CLANG_WARN_BLOCK_CAPTURE_AUTORELEASING = YES;
				CLANG_WARN_BOOL_CONVERSION = YES;
				CLANG_WARN_COMMA = YES;
				CLANG_WARN_CONSTANT_CONVERSION = YES;
				CLANG_WARN_DEPRECATED_OBJC_IMPLEMENTATIONS = YES;
				CLANG_WARN_DIRECT_OBJC_ISA_USAGE = YES_ERROR;
				CLANG_WARN_DOCUMENTATION_COMMENTS = YES;
				CLANG_WARN_EMPTY_BODY = YES;
				CLANG_WARN_ENUM_CONVERSION = YES;
				CLANG_WARN_INFINITE_RECURSION = YES;
				CLANG_WARN_INT_CONVERSION = YES;
				CLANG_WARN_NON_LITERAL_NULL_CONVERSION = YES;
				CLANG_WARN_OBJC_IMPLICIT_RETAIN_SELF = YES;
				CLANG_WARN_OBJC_LITERAL_CONVERSION = YES;
				CLANG_WARN_OBJC_ROOT_CLASS = YES_ERROR;
				CLANG_WARN_RANGE_LOOP_ANALYSIS = YES;
				CLANG_WARN_STRICT_PROTOTYPES = YES;
				CLANG_WARN_SUSPICIOUS_MOVE = YES;
				CLANG_WARN_UNGUARDED_AVAILABILITY = YES_AGGRESSIVE;
				CLANG_WARN_UNREACHABLE_CODE = YES;
				CLANG_WARN__DUPLICATE_METHOD_MATCH = YES;
				COPY_PHASE_STRIP = NO;
				CURRENT_PROJECT_VERSION = 1;
				DEBUG_INFORMATION_FORMAT = "dwarf-with-dsym";
				ENABLE_NS_ASSERTIONS = NO;
				ENABLE_STRICT_OBJC_MSGSEND = YES;
				GCC_C_LANGUAGE_STANDARD = gnu11;
				GCC_NO_COMMON_BLOCKS = YES;
				GCC_WARN_64_TO_32_BIT_CONVERSION = YES;
				GCC_WARN_ABOUT_RETURN_TYPE = YES_ERROR;
				GCC_WARN_UNDECLARED_SELECTOR = YES;
				GCC_WARN_UNINITIALIZED_AUTOS = YES_AGGRESSIVE;
				GCC_WARN_UNUSED_FUNCTION = YES;
				GCC_WARN_UNUSED_VARIABLE = YES;
				IPHONEOS_DEPLOYMENT_TARGET = 13.4;
				MTL_ENABLE_DEBUG_INFO = NO;
				MTL_FAST_MATH = YES;
				SDKROOT = iphoneos;
				SWIFT_COMPILATION_MODE = wholemodule;
				SWIFT_OPTIMIZATION_LEVEL = "-O";
				VALIDATE_PRODUCT = YES;
				VERSIONING_SYSTEM = "apple-generic";
				VERSION_INFO_PREFIX = "";
			};
			name = Release;
		};
		470054D9248631A4002E5670 /* Debug */ = {
			isa = XCBuildConfiguration;
			baseConfigurationReference = B2A639DBEBFE289D7EFE1A96 /* Pods-NetworkLib.debug.xcconfig */;
			buildSettings = {
				CLANG_ENABLE_MODULES = YES;
				CODE_SIGN_STYLE = Automatic;
				DEFINES_MODULE = YES;
				DEVELOPMENT_TEAM = C59TVX3M53;
				DYLIB_COMPATIBILITY_VERSION = 1;
				DYLIB_CURRENT_VERSION = 1;
				DYLIB_INSTALL_NAME_BASE = "@rpath";
				INFOPLIST_FILE = NetworkLib/Info.plist;
				INSTALL_PATH = "$(LOCAL_LIBRARY_DIR)/Frameworks";
				IPHONEOS_DEPLOYMENT_TARGET = 10.0;
				LD_RUNPATH_SEARCH_PATHS = (
					"$(inherited)",
					"@executable_path/Frameworks",
					"@loader_path/Frameworks",
				);
				MACH_O_TYPE = staticlib;
				PRODUCT_BUNDLE_IDENTIFIER = JX.NetworkLib;
				PRODUCT_NAME = "$(TARGET_NAME:c99extidentifier)";
				SKIP_INSTALL = YES;
				SWIFT_OPTIMIZATION_LEVEL = "-Onone";
				SWIFT_VERSION = 5.0;
				TARGETED_DEVICE_FAMILY = "1,2";
			};
			name = Debug;
		};
		470054DA248631A4002E5670 /* Release */ = {
			isa = XCBuildConfiguration;
			baseConfigurationReference = 5028163AC829D04ED64DCB0A /* Pods-NetworkLib.release.xcconfig */;
			buildSettings = {
				CLANG_ENABLE_MODULES = YES;
				CODE_SIGN_STYLE = Automatic;
				DEFINES_MODULE = YES;
				DEVELOPMENT_TEAM = C59TVX3M53;
				DYLIB_COMPATIBILITY_VERSION = 1;
				DYLIB_CURRENT_VERSION = 1;
				DYLIB_INSTALL_NAME_BASE = "@rpath";
				INFOPLIST_FILE = NetworkLib/Info.plist;
				INSTALL_PATH = "$(LOCAL_LIBRARY_DIR)/Frameworks";
				IPHONEOS_DEPLOYMENT_TARGET = 10.0;
				LD_RUNPATH_SEARCH_PATHS = (
					"$(inherited)",
					"@executable_path/Frameworks",
					"@loader_path/Frameworks",
				);
				MACH_O_TYPE = staticlib;
				PRODUCT_BUNDLE_IDENTIFIER = JX.NetworkLib;
				PRODUCT_NAME = "$(TARGET_NAME:c99extidentifier)";
				SKIP_INSTALL = YES;
				SWIFT_VERSION = 5.0;
				TARGETED_DEVICE_FAMILY = "1,2";
			};
			name = Release;
		};
/* End XCBuildConfiguration section */

/* Begin XCConfigurationList section */
		470054CA248631A4002E5670 /* Build configuration list for PBXProject "NetworkLib" */ = {
			isa = XCConfigurationList;
			buildConfigurations = (
				470054D6248631A4002E5670 /* Debug */,
				470054D7248631A4002E5670 /* Release */,
			);
			defaultConfigurationIsVisible = 0;
			defaultConfigurationName = Release;
		};
		470054D8248631A4002E5670 /* Build configuration list for PBXNativeTarget "NetworkLib" */ = {
			isa = XCConfigurationList;
			buildConfigurations = (
				470054D9248631A4002E5670 /* Debug */,
				470054DA248631A4002E5670 /* Release */,
			);
			defaultConfigurationIsVisible = 0;
			defaultConfigurationName = Release;
		};
/* End XCConfigurationList section */
	};
	rootObject = 470054C7248631A4002E5670 /* Project object */;
}
